
Microsoft Visual Studio Solution File, Format Version 12.00
Project("{FAE04EC0-301F-11D3-BF4B-00C04F79EFBC}") = "ListenerService", "ListenerService.csproj", "{ECDF3E3E-BBA2-4446-872A-9464C777D621}"
EndProject
Global
	GlobalSection(SolutionConfigurationPlatforms) = preSolution
		Debug|Any CPU = Debug|Any CPU
		Release|Any CPU = Release|Any CPU
	EndGlobalSection
	GlobalSection(ProjectConfigurationPlatforms) = postSolution
		{ECDF3E3E-BBA2-4446-872A-9464C777D621}.Debug|Any CPU.ActiveCfg = Debug|Any CPU
		{ECDF3E3E-BBA2-4446-872A-9464C777D621}.Debug|Any CPU.Build.0 = Debug|Any CPU
		{ECDF3E3E-BBA2-4446-872A-9464C777D621}.Release|Any CPU.ActiveCfg = Release|Any CPU
		{ECDF3E3E-BBA2-4446-872A-9464C777D621}.Release|Any CPU.Build.0 = Release|Any CPU
	EndGlobalSection
EndGlobal
